
Microsoft Visual Studio Solution File, Format Version 12.00
# Visual Studio Version 16
VisualStudioVersion = 16.0.29326.143
MinimumVisualStudioVersion = 10.0.40219.1
Project("{9A19103F-16F7-4668-BE54-9A1E7A4F7556}") = "SCA.Service.Auth", "SCA.Service.Auth\SCA.Service.Auth.csproj", "{DB775241-A30B-4D0A-9613-4D60CF5D9372}"
EndProject
Project("{9A19103F-16F7-4668-BE54-9A1E7A4F7556}") = "SCA.Gateway", "SCA.Gateway\SCA.Gateway.csproj", "{49A8C2E0-D827-4F14-B2CE-BF8B783CCC0C}"
EndProject
Project("{9A19103F-16F7-4668-BE54-9A1E7A4F7556}") = "SCA.Shared", "SCA.Shared\SCA.Shared.csproj", "{7B6CC66D-0E34-4A36-A72D-069373400AA1}"
EndProject
Project("{FAE04EC0-301F-11D3-BF4B-00C04F79EFBC}") = "SCA.Service.Inputs", "SCA.Service.Inputs\SCA.Service.Inputs.csproj", "{83EBE4A9-8AF8-41A2-AAB5-ADCAB04F9ACB}"
EndProject
Global
	GlobalSection(SolutionConfigurationPlatforms) = preSolution
		Debug|Any CPU = Debug|Any CPU
		Release|Any CPU = Release|Any CPU
	EndGlobalSection
	GlobalSection(ProjectConfigurationPlatforms) = postSolution
		{DB775241-A30B-4D0A-9613-4D60CF5D9372}.Debug|Any CPU.ActiveCfg = Debug|Any CPU
		{DB775241-A30B-4D0A-9613-4D60CF5D9372}.Debug|Any CPU.Build.0 = Debug|Any CPU
		{DB775241-A30B-4D0A-9613-4D60CF5D9372}.Release|Any CPU.ActiveCfg = Release|Any CPU
		{DB775241-A30B-4D0A-9613-4D60CF5D9372}.Release|Any CPU.Build.0 = Release|Any CPU
		{49A8C2E0-D827-4F14-B2CE-BF8B783CCC0C}.Debug|Any CPU.ActiveCfg = Debug|Any CPU
		{49A8C2E0-D827-4F14-B2CE-BF8B783CCC0C}.Debug|Any CPU.Build.0 = Debug|Any CPU
		{49A8C2E0-D827-4F14-B2CE-BF8B783CCC0C}.Release|Any CPU.ActiveCfg = Release|Any CPU
		{49A8C2E0-D827-4F14-B2CE-BF8B783CCC0C}.Release|Any CPU.Build.0 = Release|Any CPU
		{7B6CC66D-0E34-4A36-A72D-069373400AA1}.Debug|Any CPU.ActiveCfg = Debug|Any CPU
		{7B6CC66D-0E34-4A36-A72D-069373400AA1}.Debug|Any CPU.Build.0 = Debug|Any CPU
		{7B6CC66D-0E34-4A36-A72D-069373400AA1}.Release|Any CPU.ActiveCfg = Release|Any CPU
		{7B6CC66D-0E34-4A36-A72D-069373400AA1}.Release|Any CPU.Build.0 = Release|Any CPU
		{83EBE4A9-8AF8-41A2-AAB5-ADCAB04F9ACB}.Debug|Any CPU.ActiveCfg = Debug|Any CPU
		{83EBE4A9-8AF8-41A2-AAB5-ADCAB04F9ACB}.Debug|Any CPU.Build.0 = Debug|Any CPU
		{83EBE4A9-8AF8-41A2-AAB5-ADCAB04F9ACB}.Release|Any CPU.ActiveCfg = Release|Any CPU
		{83EBE4A9-8AF8-41A2-AAB5-ADCAB04F9ACB}.Release|Any CPU.Build.0 = Release|Any CPU
	EndGlobalSection
	GlobalSection(SolutionProperties) = preSolution
		HideSolutionNode = FALSE
	EndGlobalSection
	GlobalSection(ExtensibilityGlobals) = postSolution
		SolutionGuid = {D327C78F-BF4C-4F23-8FF7-A953C554E079}
	EndGlobalSection
EndGlobal
